
Microsoft Visual Studio Solution File, Format Version 12.00
# Visual Studio Version 17
VisualStudioVersion = 17.14.36327.8 d17.14
MinimumVisualStudioVersion = 10.0.40219.1
Project("{FAE04EC0-301F-11D3-BF4B-00C04F79EFBC}") = "AfrocentricMIM2025", "AfrocentricMIM2025.csproj", "{2730E949-DA7F-45F5-AE57-4BA2A071C843}"
EndProject
Global
	GlobalSection(SolutionConfigurationPlatforms) = preSolution
		Debug|Any CPU = Debug|Any CPU
		Release|Any CPU = Release|Any CPU
	EndGlobalSection
	GlobalSection(ProjectConfigurationPlatforms) = postSolution
		{2730E949-DA7F-45F5-AE57-4BA2A071C843}.Debug|Any CPU.ActiveCfg = Debug|Any CPU
		{2730E949-DA7F-45F5-AE57-4BA2A071C843}.Debug|Any CPU.Build.0 = Debug|Any CPU
		{2730E949-DA7F-45F5-AE57-4BA2A071C843}.Release|Any CPU.ActiveCfg = Release|Any CPU
		{2730E949-DA7F-45F5-AE57-4BA2A071C843}.Release|Any CPU.Build.0 = Release|Any CPU
	EndGlobalSection
	GlobalSection(SolutionProperties) = preSolution
		HideSolutionNode = FALSE
	EndGlobalSection
	GlobalSection(ExtensibilityGlobals) = postSolution
		SolutionGuid = {2988C69C-A96C-4CA0-896D-37256F944911}
	EndGlobalSection
EndGlobal
